
Microsoft Visual Studio Solution File, Format Version 12.00
# Visual Studio Version 17
VisualStudioVersion = 17.6.33829.357
MinimumVisualStudioVersion = 10.0.40219.1
Project("{FAE04EC0-301F-11D3-BF4B-00C04F79EFBC}") = "CarpetServiceApp", "CarpetServiceApp\CarpetServiceApp.csproj", "{54EB0848-9F09-4EDF-B708-7026F3E68EC1}"
EndProject
Global
	GlobalSection(SolutionConfigurationPlatforms) = preSolution
		Debug|Any CPU = Debug|Any CPU
		Release|Any CPU = Release|Any CPU
	EndGlobalSection
	GlobalSection(ProjectConfigurationPlatforms) = postSolution
		{54EB0848-9F09-4EDF-B708-7026F3E68EC1}.Debug|Any CPU.ActiveCfg = Debug|Any CPU
		{54EB0848-9F09-4EDF-B708-7026F3E68EC1}.Debug|Any CPU.Build.0 = Debug|Any CPU
		{54EB0848-9F09-4EDF-B708-7026F3E68EC1}.Release|Any CPU.ActiveCfg = Release|Any CPU
		{54EB0848-9F09-4EDF-B708-7026F3E68EC1}.Release|Any CPU.Build.0 = Release|Any CPU
	EndGlobalSection
	GlobalSection(SolutionProperties) = preSolution
		HideSolutionNode = FALSE
	EndGlobalSection
	GlobalSection(ExtensibilityGlobals) = postSolution
		SolutionGuid = {9605AE0E-1397-43ED-A476-CC001EBA9038}
	EndGlobalSection
EndGlobal
